{
  "lockfileVersion": 1,
  "configVersion": 1,
  "workspaces": {
    "": {
      "name": "tools",
      "dependencies": {
        "oxc-parser": "^0.134.0",
        "oxc-resolver": "^11.20.0",
        "tree-sitter-typescript": "^0.23.2",
        "typescript": "^5.8.2",
        "web-tree-sitter": "^0.26.9",
      },
    },
  },
  "packages": {
    "@emnapi/core": ["@emnapi/core@1.10.0", "", { "dependencies": { "@emnapi/wasi-threads": "1.2.1", "tslib": "^2.4.0" } }, "sha512-yq6OkJ4p82CAfPl0u9mQebQHKPJkY7WrIuk205cTYnYe+k2Z8YBh11FrbRG/H6ihirqcacOgl2BIO8oyMQLeXw=="],

    "@emnapi/runtime": ["@emnapi/runtime@1.10.0", "", { "dependencies": { "tslib": "^2.4.0" } }, "sha512-ewvYlk86xUoGI0zQRNq/mC+16R1QeDlKQy21Ki3oSYXNgLb45GV1P6A0M+/s6nyCuNDqe5VpaY84BzXGwVbwFA=="],

    "@emnapi/wasi-threads": ["@emnapi/wasi-threads@1.2.1", "", { "dependencies": { "tslib": "^2.4.0" } }, "sha512-uTII7OYF+/Mes/MrcIOYp5yOtSMLBWSIoLPpcgwipoiKbli6k322tcoFsxoIIxPDqW01SQGAgko4EzZi2BNv2w=="],

    "@napi-rs/wasm-runtime": ["@napi-rs/wasm-runtime@1.1.4", "", { "dependencies": { "@tybys/wasm-util": "^0.10.1" }, "peerDependencies": { "@emnapi/core": "^1.7.1", "@emnapi/runtime": "^1.7.1" } }, "sha512-3NQNNgA1YSlJb/kMH1ildASP9HW7/7kYnRI2szWJaofaS1hWmbGI4H+d3+22aGzXXN9IJ+n+GiFVcGipJP18ow=="],

    "@oxc-parser/binding-android-arm-eabi": ["@oxc-parser/binding-android-arm-eabi@0.134.0", "", { "os": "android", "cpu": "arm" }, "sha512-N9Us7l/X9ZC3LA6eWSzPyduvBPXV1eRyDPwM6/UWpxwwXGsatb8131+d2L8UsmyHrixnKLHBd6UeH8wangV7fw=="],

    "@oxc-parser/binding-android-arm64": ["@oxc-parser/binding-android-arm64@0.134.0", "", { "os": "android", "cpu": "arm64" }, "sha512-Ic2oPZESeCaD4+9cKRqp1GMYsTO9Q3Yi9HdY2x9x75ozbnC20sybFHzeBklmaVD9PBzd8KbkmNN0gy+SVlm7zw=="],

    "@oxc-parser/binding-darwin-arm64": ["@oxc-parser/binding-darwin-arm64@0.134.0", "", { "os": "darwin", "cpu": "arm64" }, "sha512-1z9+nVJ1Awq4CPyHAthx5zOUrg5T1zc3dWt6juxwDcuejFGbdYzWJITkS1rv4DCdSTphDU3IW71MzyLV3BjRGQ=="],

    "@oxc-parser/binding-darwin-x64": ["@oxc-parser/binding-darwin-x64@0.134.0", "", { "os": "darwin", "cpu": "x64" }, "sha512-MpofofaRZnxmYrY3lE8RTLHmE1KkX2q0elEeJ8sMcLbS8At76BjYSL6axssqhx29prGGDzIZ5lYFD+IXqaTzFA=="],

    "@oxc-parser/binding-freebsd-x64": ["@oxc-parser/binding-freebsd-x64@0.134.0", "", { "os": "freebsd", "cpu": "x64" }, "sha512-OqnPQY27vqWAbMnHfLcF8CVOUv2cCvdlTiqyK5qz5WCbH3XOLpYVQATv8S5UrR8bbEJCAqJLsI7W6cRFXAxCoA=="],

    "@oxc-parser/binding-linux-arm-gnueabihf": ["@oxc-parser/binding-linux-arm-gnueabihf@0.134.0", "", { "os": "linux", "cpu": "arm" }, "sha512-0eqWl+PWrcwGC3b8DCB58w3QINAuZfpX2ULTGpI01GUMBc6zDKSpttWxvqPIydxuQEkGQTQRAXLLvc+vTDZbQw=="],

    "@oxc-parser/binding-linux-arm-musleabihf": ["@oxc-parser/binding-linux-arm-musleabihf@0.134.0", "", { "os": "linux", "cpu": "arm" }, "sha512-YToasuDmyzpyTC1ztrvkaSXz8tP+YUbx041M/4SGxaRGiyMzsKkQ869KPUTGA57A6aVsb1/DiPX8XZQQeSFkiw=="],

    "@oxc-parser/binding-linux-arm64-gnu": ["@oxc-parser/binding-linux-arm64-gnu@0.134.0", "", { "os": "linux", "cpu": "arm64" }, "sha512-qMS7NLc2o8G7LLz53wisol+O7/YbMhtaGVhlfsTVLnrraf9kLFgzpiGjtQALLbdxX8uhx0Zmd4l+vY3s1/K4Gg=="],

    "@oxc-parser/binding-linux-arm64-musl": ["@oxc-parser/binding-linux-arm64-musl@0.134.0", "", { "os": "linux", "cpu": "arm64" }, "sha512-jUEsnxPXhrCYxswQLYvUOxZEE5UWFMkK5kBnrcPMj7TONz1pD0yKgPmOQCAx2LPoysJ/v2Sjg4RBUVoO2VXoZQ=="],

    "@oxc-parser/binding-linux-ppc64-gnu": ["@oxc-parser/binding-linux-ppc64-gnu@0.134.0", "", { "os": "linux", "cpu": "ppc64" }, "sha512-FU5xMUsXnMuWKVCGo43c6SJsnqHcsioqm32PHdDY39cIRJa/AZbo7RMYW0W5gYcNZqb8EMhELkMDwbJOFbUhtg=="],

    "@oxc-parser/binding-linux-riscv64-gnu": ["@oxc-parser/binding-linux-riscv64-gnu@0.134.0", "", { "os": "linux", "cpu": "none" }, "sha512-tPc7OAhslHVmNebho1RSEGL//7i7Nm39gbQ+gYreBYwzvDVqNwdQH3S13ccM+R1TpimQ+3bIyFMfnilJIGRtjQ=="],

    "@oxc-parser/binding-linux-riscv64-musl": ["@oxc-parser/binding-linux-riscv64-musl@0.134.0", "", { "os": "linux", "cpu": "none" }, "sha512-TtWEC4MUAHodX5a5kGsmK8g5K49V5ewWfwGrXdbw+gXWLXWXuhi+ectNELmOvYIwaqPSTAry1HNS/hfXssaPHQ=="],

    "@oxc-parser/binding-linux-s390x-gnu": ["@oxc-parser/binding-linux-s390x-gnu@0.134.0", "", { "os": "linux", "cpu": "s390x" }, "sha512-mF4uls8TA8SPXSDLpclJ6z9S+vaeUnNp95iUEfqwv9oVJUAE7B2j4crOj8UvByRXpbO5N+aAlJadQEyFlnXU6g=="],

    "@oxc-parser/binding-linux-x64-gnu": ["@oxc-parser/binding-linux-x64-gnu@0.134.0", "", { "os": "linux", "cpu": "x64" }, "sha512-hieAQplyJeCvzqdSAxpOOGvVCBVXo/ioIBxioHfsUrQu93Et7Hy52cCG/GHEnjImVyeqEIViyyjuB0nKghxz/w=="],

    "@oxc-parser/binding-linux-x64-musl": ["@oxc-parser/binding-linux-x64-musl@0.134.0", "", { "os": "linux", "cpu": "x64" }, "sha512-OQnJAK4sFuNSLgsh2s/K+14a3kwbmqf2yh1JiADU9XSfDuRooZYbAxmmBVPiyQ97+jBIIA1x2oPZeYNto3Ioow=="],

    "@oxc-parser/binding-openharmony-arm64": ["@oxc-parser/binding-openharmony-arm64@0.134.0", "", { "os": "none", "cpu": "arm64" }, "sha512-RYLooe6g31q/PqNFN0NjR80IK/ARGsfLasAXL42LXonL+5Cyy9Or76rjBKQLAjERikJwbRU/sYW9Q5Tnpt1A4Q=="],

    "@oxc-parser/binding-wasm32-wasi": ["@oxc-parser/binding-wasm32-wasi@0.134.0", "", { "dependencies": { "@emnapi/core": "1.10.0", "@emnapi/runtime": "1.10.0", "@napi-rs/wasm-runtime": "^1.1.4" }, "cpu": "none" }, "sha512-h8bmHyvc0PxA811prUjfVpJlQAurOOiRbohY4QNGjCEz+L72G9CmWl28OOz3mevrYlURgUsprNuH8hDJXh1VOw=="],

    "@oxc-parser/binding-win32-arm64-msvc": ["@oxc-parser/binding-win32-arm64-msvc@0.134.0", "", { "os": "win32", "cpu": "arm64" }, "sha512-EPTfanpBMLNnSAWCDYpbJp1stmsf5x6hMsAwymf2J8ylRupIvO6FtKmHBMdc/wt43y08iz6ILlzFGIXe32/Kbw=="],

    "@oxc-parser/binding-win32-ia32-msvc": ["@oxc-parser/binding-win32-ia32-msvc@0.134.0", "", { "os": "win32", "cpu": "ia32" }, "sha512-yAwetF+fTr9lTMtmqvkkWiiMXvH/yjMxGzUDG2rTL/LV1lL37eZ2enUGIlIo0gwhBIKWgabDEidtil+kiqNpgQ=="],

    "@oxc-parser/binding-win32-x64-msvc": ["@oxc-parser/binding-win32-x64-msvc@0.134.0", "", { "os": "win32", "cpu": "x64" }, "sha512-4VY39G5tuGlBYiH13XbWqfLcwKygQEv0iyf8vtZ5NyLAGjI8M0MiYyLhj91GkWRznr+5VC0I+5R55HUDV/Rklw=="],

    "@oxc-project/types": ["@oxc-project/types@0.134.0", "", {}, "sha512-T0xuRRKrQFmocH8y+jGfpmSkGcheaJExY9lEihmR1Gm2aH+75B8CzgU2rABRQSzzDxLjZ15Sc0bRVLj5lVeNXQ=="],

    "@oxc-resolver/binding-android-arm-eabi": ["@oxc-resolver/binding-android-arm-eabi@11.20.0", "", { "os": "android", "cpu": "arm" }, "sha512-IjfWOXRgJFNdORDl+Uf1aibNgZY2guOD3zmOhx1BGVb/MIiqlFTdmjpQNplSN58lhWehnX4UNqC3QwpUo8pjJg=="],

    "@oxc-resolver/binding-android-arm64": ["@oxc-resolver/binding-android-arm64@11.20.0", "", { "os": "android", "cpu": "arm64" }, "sha512-QqslZAuFQG8Q9xm7JuIn8JUbvywhSBMVhuQHtYW+auirZJloS41oxUUaBXk7uUhZJgp44c5zQLeVvmFaDQB+2Q=="],

    "@oxc-resolver/binding-darwin-arm64": ["@oxc-resolver/binding-darwin-arm64@11.20.0", "", { "os": "darwin", "cpu": "arm64" }, "sha512-MUcavykj2ewlR+kc5arpg4tC2RvzJkUxWtNv74pf7lcNk00GpIpN43vXMj+j6r4eMmfZhlb8hueKoIb8e9kAGQ=="],

    "@oxc-resolver/binding-darwin-x64": ["@oxc-resolver/binding-darwin-x64@11.20.0", "", { "os": "darwin", "cpu": "x64" }, "sha512-BGB16nRUK5Etiv//ihPyzj8Lj1px0mhh4YIfe0FDf045ywknfSm0GEbiRESpr6Q4K82AvnyaRIhhluHByvS4bg=="],

    "@oxc-resolver/binding-freebsd-x64": ["@oxc-resolver/binding-freebsd-x64@11.20.0", "", { "os": "freebsd", "cpu": "x64" }, "sha512-JZgtePaqj3qmD5XFHJaSLWzHRxQu0LaPkdoM1KJXYADvAaa83ijXHclV3ej3CueeW0wxfIAbGCZVP45J0CA7uQ=="],

    "@oxc-resolver/binding-linux-arm-gnueabihf": ["@oxc-resolver/binding-linux-arm-gnueabihf@11.20.0", "", { "os": "linux", "cpu": "arm" }, "sha512-hOQ/p3ry3v3SchUBXicrrnszaI/UmYzM4wtS4RGfwgVUX7a+HbyQSzJ5aOzu+o6XZkFkS3ZXN4PZAzhOb77OSg=="],

    "@oxc-resolver/binding-linux-arm-musleabihf": ["@oxc-resolver/binding-linux-arm-musleabihf@11.20.0", "", { "os": "linux", "cpu": "arm" }, "sha512-2ArPksaw0AqeuGBfoS715VF+JvJQAhD2niWgjE5hVO+L+nAfikVQopvngCMX9x4BD8itWoQ3dnikrQyl5Ho5Jg=="],

    "@oxc-resolver/binding-linux-arm64-gnu": ["@oxc-resolver/binding-linux-arm64-gnu@11.20.0", "", { "os": "linux", "cpu": "arm64" }, "sha512-0bJnmYFp62JdZ4nVMDUZ/C58BCZOCcqgKtnUlp7L9Ojf/czIN+3j72YlLPeWLkzlr6SlYvIQA4SGV/HyO0d+qg=="],

    "@oxc-resolver/binding-linux-arm64-musl": ["@oxc-resolver/binding-linux-arm64-musl@11.20.0", "", { "os": "linux", "cpu": "arm64" }, "sha512-wKHHzPKZo7Ufhv/Bt6yxT7FOgnIgW4gwXcJUipkShGp68W3wGVqvr1Sr0fY65lN0Oy6y41+g2kIDvkgZaMMUkw=="],

    "@oxc-resolver/binding-linux-ppc64-gnu": ["@oxc-resolver/binding-linux-ppc64-gnu@11.20.0", "", { "os": "linux", "cpu": "ppc64" }, "sha512-RN8goF7Ie0B79L4i4G6OeBocTgSC56vJbQ65VJje+oXnldVpLnOU7j/AQ/dP94TcCS+Yh6WG8u3Qt4ETteXFNQ=="],

    "@oxc-resolver/binding-linux-riscv64-gnu": ["@oxc-resolver/binding-linux-riscv64-gnu@11.20.0", "", { "os": "linux", "cpu": "none" }, "sha512-5l1yU6/xQEqLZRzxqmMxJfWPslpwCmBsdDGaBvABPehxquCXDC7dd7oraNdKSJUMDXSM7VvVj8H2D2FTjU7oWw=="],

    "@oxc-resolver/binding-linux-riscv64-musl": ["@oxc-resolver/binding-linux-riscv64-musl@11.20.0", "", { "os": "linux", "cpu": "none" }, "sha512-xHEvkbgz6UC+A3JOyDQy76LkUaxsNSfIr3/GV8slwZsnuooJiIB34gzJfsyvR4JdCYNUUPsRJc/w/oWkODu+hg=="],

    "@oxc-resolver/binding-linux-s390x-gnu": ["@oxc-resolver/binding-linux-s390x-gnu@11.20.0", "", { "os": "linux", "cpu": "s390x" }, "sha512-aWPDUUmSeyHvlW+SoEUd+JIJsQhVhu6a5tBpDRMu058naPAchTgAVGCFy35zjbnFlt0i8hLWziff6HX0D3LU4g=="],

    "@oxc-resolver/binding-linux-x64-gnu": ["@oxc-resolver/binding-linux-x64-gnu@11.20.0", "", { "os": "linux", "cpu": "x64" }, "sha512-x2YeSimvhJjKLVD8KSu8f/rqU1potcdEMkApIPJqjZWN7c2Fpt4g2X32WDg1p+XDAmyT7nuQGe0vnhvXeLbH+g=="],

    "@oxc-resolver/binding-linux-x64-musl": ["@oxc-resolver/binding-linux-x64-musl@11.20.0", "", { "os": "linux", "cpu": "x64" }, "sha512-kcRLEIxpZefeYfLChjpgFf3ilBzRDZ+yobMrpRsQlSrxuFGtm3U6PMU7AaEpMqo3NfDGVyJJseAjnRLzMFHjwQ=="],

    "@oxc-resolver/binding-openharmony-arm64": ["@oxc-resolver/binding-openharmony-arm64@11.20.0", "", { "os": "none", "cpu": "arm64" }, "sha512-HHcfnApSZGtKhTiHqe8OZruOZe5XuFQH5/E0Yhj3u8fnFvzkM4/k6WjacUf4SvA0SPEAbfbgYmVPuo0VX/fIBQ=="],

    "@oxc-resolver/binding-wasm32-wasi": ["@oxc-resolver/binding-wasm32-wasi@11.20.0", "", { "dependencies": { "@emnapi/core": "1.10.0", "@emnapi/runtime": "1.10.0", "@napi-rs/wasm-runtime": "^1.1.4" }, "cpu": "none" }, "sha512-Tn0y1XOFYHNfK1wp1Z5QK8Rcld/bsOwRISQXfqAZ5IBpv8Gz1IvV39fUWNprqNdRizgcvFhOzWwFun2zkJsyBg=="],

    "@oxc-resolver/binding-win32-arm64-msvc": ["@oxc-resolver/binding-win32-arm64-msvc@11.20.0", "", { "os": "win32", "cpu": "arm64" }, "sha512-qPi25YNPe4YenS8MgsQU2+bIFHxxpLx1LVna2444cEHqNPhNjvWf9zqj4aWE43H9LpAsTmkkAlA3eL5ElBU3mA=="],

    "@oxc-resolver/binding-win32-x64-msvc": ["@oxc-resolver/binding-win32-x64-msvc@11.20.0", "", { "os": "win32", "cpu": "x64" }, "sha512-Wb14jWEW8huH6It9F6sXd9vrYmIS7pMrgkU6sxpLxkP+9z+wRgs71hUEhRpcn8FOXAFa27FVWfY2tRpbfTzfLw=="],

    "@tybys/wasm-util": ["@tybys/wasm-util@0.10.2", "", { "dependencies": { "tslib": "^2.4.0" } }, "sha512-RoBvJ2X0wuKlWFIjrwffGw1IqZHKQqzIchKaadZZfnNpsAYp2mM0h36JtPCjNDAHGgYez/15uMBpfGwchhiMgg=="],

    "node-addon-api": ["node-addon-api@8.8.0", "", {}, "sha512-c5Ko1fZJIJmzhFIkhRN76WTq+fC6tWnGy9CXA0fA+XygsWZmEwG8vmbkNqxMyoaa0Tin4djul49NzdVcJJcjeA=="],

    "node-gyp-build": ["node-gyp-build@4.8.4", "", { "bin": { "node-gyp-build": "bin.js", "node-gyp-build-optional": "optional.js", "node-gyp-build-test": "build-test.js" } }, "sha512-LA4ZjwlnUblHVgq0oBF3Jl/6h/Nvs5fzBLwdEF4nuxnFdsfajde4WfxtJr3CaiH+F6ewcIB/q4jQ4UzPyid+CQ=="],

    "oxc-parser": ["oxc-parser@0.134.0", "", { "dependencies": { "@oxc-project/types": "^0.134.0" }, "optionalDependencies": { "@oxc-parser/binding-android-arm-eabi": "0.134.0", "@oxc-parser/binding-android-arm64": "0.134.0", "@oxc-parser/binding-darwin-arm64": "0.134.0", "@oxc-parser/binding-darwin-x64": "0.134.0", "@oxc-parser/binding-freebsd-x64": "0.134.0", "@oxc-parser/binding-linux-arm-gnueabihf": "0.134.0", "@oxc-parser/binding-linux-arm-musleabihf": "0.134.0", "@oxc-parser/binding-linux-arm64-gnu": "0.134.0", "@oxc-parser/binding-linux-arm64-musl": "0.134.0", "@oxc-parser/binding-linux-ppc64-gnu": "0.134.0", "@oxc-parser/binding-linux-riscv64-gnu": "0.134.0", "@oxc-parser/binding-linux-riscv64-musl": "0.134.0", "@oxc-parser/binding-linux-s390x-gnu": "0.134.0", "@oxc-parser/binding-linux-x64-gnu": "0.134.0", "@oxc-parser/binding-linux-x64-musl": "0.134.0", "@oxc-parser/binding-openharmony-arm64": "0.134.0", "@oxc-parser/binding-wasm32-wasi": "0.134.0", "@oxc-parser/binding-win32-arm64-msvc": "0.134.0", "@oxc-parser/binding-win32-ia32-msvc": "0.134.0", "@oxc-parser/binding-win32-x64-msvc": "0.134.0" } }, "sha512-Hs8fRG6A94BzMrMkGOtrUS7JQjmslfF+IvIXslf3QURzK3ud0QmFJRiYZjTe4TzAQnTfvlk4AwZnqIbrUjiE4w=="],

    "oxc-resolver": ["oxc-resolver@11.20.0", "", { "optionalDependencies": { "@oxc-resolver/binding-android-arm-eabi": "11.20.0", "@oxc-resolver/binding-android-arm64": "11.20.0", "@oxc-resolver/binding-darwin-arm64": "11.20.0", "@oxc-resolver/binding-darwin-x64": "11.20.0", "@oxc-resolver/binding-freebsd-x64": "11.20.0", "@oxc-resolver/binding-linux-arm-gnueabihf": "11.20.0", "@oxc-resolver/binding-linux-arm-musleabihf": "11.20.0", "@oxc-resolver/binding-linux-arm64-gnu": "11.20.0", "@oxc-resolver/binding-linux-arm64-musl": "11.20.0", "@oxc-resolver/binding-linux-ppc64-gnu": "11.20.0", "@oxc-resolver/binding-linux-riscv64-gnu": "11.20.0", "@oxc-resolver/binding-linux-riscv64-musl": "11.20.0", "@oxc-resolver/binding-linux-s390x-gnu": "11.20.0", "@oxc-resolver/binding-linux-x64-gnu": "11.20.0", "@oxc-resolver/binding-linux-x64-musl": "11.20.0", "@oxc-resolver/binding-openharmony-arm64": "11.20.0", "@oxc-resolver/binding-wasm32-wasi": "11.20.0", "@oxc-resolver/binding-win32-arm64-msvc": "11.20.0", "@oxc-resolver/binding-win32-x64-msvc": "11.20.0" } }, "sha512-CblytBiV/a/ZXY34dsVU2NxhIOxMXst8CvDCtyBelVITgd7PLrKzbEbA6oKLdPjvDKDzCiW48qzmzZ+mYaqn+g=="],

    "tree-sitter-javascript": ["tree-sitter-javascript@0.23.1", "", { "dependencies": { "node-addon-api": "^8.2.2", "node-gyp-build": "^4.8.2" }, "peerDependencies": { "tree-sitter": "^0.21.1" }, "optionalPeers": ["tree-sitter"] }, "sha512-/bnhbrTD9frUYHQTiYnPcxyHORIw157ERBa6dqzaKxvR/x3PC4Yzd+D1pZIMS6zNg2v3a8BZ0oK7jHqsQo9fWA=="],

    "tree-sitter-typescript": ["tree-sitter-typescript@0.23.2", "", { "dependencies": { "node-addon-api": "^8.2.2", "node-gyp-build": "^4.8.2", "tree-sitter-javascript": "^0.23.1" }, "peerDependencies": { "tree-sitter": "^0.21.0" }, "optionalPeers": ["tree-sitter"] }, "sha512-e04JUUKxTT53/x3Uq1zIL45DoYKVfHH4CZqwgZhPg5qYROl5nQjV+85ruFzFGZxu+QeFVbRTPDRnqL9UbU4VeA=="],

    "tslib": ["tslib@2.8.1", "", {}, "sha512-oJFu94HQb+KVduSUQL7wnpmqnfmLsOA/nAh6b6EH0wCEoK0/mPeXU6c3wKDV83MkOuHPRHtSXKKU99IBazS/2w=="],

    "typescript": ["typescript@5.9.3", "", { "bin": { "tsc": "bin/tsc", "tsserver": "bin/tsserver" } }, "sha512-jl1vZzPDinLr9eUt3J/t7V6FgNEw9QjvBPdysz9KfQDD41fQrC2Y4vKQdiaUpFT4bXlb1RHhLpp8wtm6M5TgSw=="],

    "web-tree-sitter": ["web-tree-sitter@0.26.9", "", {}, "sha512-YJwSHANl6XFgeEjB8nitgj0qZYt5gkIesJ4w2srS2wcLB4GUa4xcOkM0YaMsU6WNR53YVIkDSY7Ej4pf3IXtCA=="],
  }
}
